
Microsoft Visual Studio Solution File, Format Version 12.00
Project("{FAE04EC0-301F-11D3-BF4B-00C04F79EFBC}") = "Test", "Test\Test.csproj", "{8ED76A13-45B5-4BCD-8FE2-73680660D41D}"
EndProject
Project("{FAE04EC0-301F-11D3-BF4B-00C04F79EFBC}") = "asm", "asm\asm.csproj", "{7C65731C-C51D-4332-B38C-890BFC309727}"
EndProject
Project("{FAE04EC0-301F-11D3-BF4B-00C04F79EFBC}") = "asm2", "asm2\asm2.csproj", "{6A7DCB7A-46B5-44A7-8DD4-453FC1860EC4}"
EndProject
Global
	GlobalSection(SolutionConfigurationPlatforms) = preSolution
		Debug|Any CPU = Debug|Any CPU
		Release|Any CPU = Release|Any CPU
	EndGlobalSection
	GlobalSection(ProjectConfigurationPlatforms) = postSolution
		{8ED76A13-45B5-4BCD-8FE2-73680660D41D}.Debug|Any CPU.ActiveCfg = Debug|Any CPU
		{8ED76A13-45B5-4BCD-8FE2-73680660D41D}.Debug|Any CPU.Build.0 = Debug|Any CPU
		{8ED76A13-45B5-4BCD-8FE2-73680660D41D}.Release|Any CPU.ActiveCfg = Release|Any CPU
		{8ED76A13-45B5-4BCD-8FE2-73680660D41D}.Release|Any CPU.Build.0 = Release|Any CPU
		{7C65731C-C51D-4332-B38C-890BFC309727}.Debug|Any CPU.ActiveCfg = Debug|Any CPU
		{7C65731C-C51D-4332-B38C-890BFC309727}.Debug|Any CPU.Build.0 = Debug|Any CPU
		{7C65731C-C51D-4332-B38C-890BFC309727}.Release|Any CPU.ActiveCfg = Release|Any CPU
		{7C65731C-C51D-4332-B38C-890BFC309727}.Release|Any CPU.Build.0 = Release|Any CPU
		{6A7DCB7A-46B5-44A7-8DD4-453FC1860EC4}.Debug|Any CPU.ActiveCfg = Debug|Any CPU
		{6A7DCB7A-46B5-44A7-8DD4-453FC1860EC4}.Debug|Any CPU.Build.0 = Debug|Any CPU
		{6A7DCB7A-46B5-44A7-8DD4-453FC1860EC4}.Release|Any CPU.ActiveCfg = Release|Any CPU
		{6A7DCB7A-46B5-44A7-8DD4-453FC1860EC4}.Release|Any CPU.Build.0 = Release|Any CPU
	EndGlobalSection
EndGlobal
